
Microsoft Visual Studio Solution File, Format Version 12.00
# Visual Studio Version 17
VisualStudioVersion = 17.0.31612.314
MinimumVisualStudioVersion = 10.0.40219.1
Project("{9A19103F-16F7-4668-BE54-9A1E7A4F7556}") = "GenerateFile", "GenerateFile\GenerateFile.csproj", "{49CCA8B8-0AFE-41A0-A670-65AF0111589F}"
EndProject
Project("{9A19103F-16F7-4668-BE54-9A1E7A4F7556}") = "SortFile", "SortFile\SortFile.csproj", "{6C69B017-B018-4BD0-91D2-0E3E772BEC8C}"
EndProject
Project("{9A19103F-16F7-4668-BE54-9A1E7A4F7556}") = "Common", "Common\Common.csproj", "{8B33EE0A-199B-4C55-B8D1-B63463D7847B}"
EndProject
Project("{2150E333-8FDC-42A3-9474-1A3956D46DE8}") = "Solution Items", "Solution Items", "{4D810855-14D6-412E-823A-4D53A6B788B9}"
	ProjectSection(SolutionItems) = preProject
		GenerateFile.cmd = GenerateFile.cmd
		SortFile.cmd = SortFile.cmd
	EndProjectSection
EndProject
Global
	GlobalSection(SolutionConfigurationPlatforms) = preSolution
		Debug|Any CPU = Debug|Any CPU
		Release|Any CPU = Release|Any CPU
	EndGlobalSection
	GlobalSection(ProjectConfigurationPlatforms) = postSolution
		{49CCA8B8-0AFE-41A0-A670-65AF0111589F}.Debug|Any CPU.ActiveCfg = Debug|Any CPU
		{49CCA8B8-0AFE-41A0-A670-65AF0111589F}.Debug|Any CPU.Build.0 = Debug|Any CPU
		{49CCA8B8-0AFE-41A0-A670-65AF0111589F}.Release|Any CPU.ActiveCfg = Release|Any CPU
		{49CCA8B8-0AFE-41A0-A670-65AF0111589F}.Release|Any CPU.Build.0 = Release|Any CPU
		{6C69B017-B018-4BD0-91D2-0E3E772BEC8C}.Debug|Any CPU.ActiveCfg = Debug|Any CPU
		{6C69B017-B018-4BD0-91D2-0E3E772BEC8C}.Debug|Any CPU.Build.0 = Debug|Any CPU
		{6C69B017-B018-4BD0-91D2-0E3E772BEC8C}.Release|Any CPU.ActiveCfg = Release|Any CPU
		{6C69B017-B018-4BD0-91D2-0E3E772BEC8C}.Release|Any CPU.Build.0 = Release|Any CPU
		{8B33EE0A-199B-4C55-B8D1-B63463D7847B}.Debug|Any CPU.ActiveCfg = Debug|Any CPU
		{8B33EE0A-199B-4C55-B8D1-B63463D7847B}.Debug|Any CPU.Build.0 = Debug|Any CPU
		{8B33EE0A-199B-4C55-B8D1-B63463D7847B}.Release|Any CPU.ActiveCfg = Release|Any CPU
		{8B33EE0A-199B-4C55-B8D1-B63463D7847B}.Release|Any CPU.Build.0 = Release|Any CPU
	EndGlobalSection
	GlobalSection(SolutionProperties) = preSolution
		HideSolutionNode = FALSE
	EndGlobalSection
	GlobalSection(ExtensibilityGlobals) = postSolution
		SolutionGuid = {239F3333-7018-46AE-A160-2DABDB5584B1}
	EndGlobalSection
EndGlobal
